
Microsoft Visual Studio Solution File, Format Version 12.00
# Visual Studio 15
VisualStudioVersion = 15.0.27703.2042
MinimumVisualStudioVersion = 10.0.40219.1
Project("{9A19103F-16F7-4668-BE54-9A1E7A4F7556}") = "Service", "Service\Service.csproj", "{D36223C5-1FAC-40BE-BE93-C4305CD10B61}"
EndProject
Project("{9A19103F-16F7-4668-BE54-9A1E7A4F7556}") = "Data", "Data\Data.csproj", "{E770588E-DDC6-464E-AA55-F77BC1C327FE}"
EndProject
Project("{FAE04EC0-301F-11D3-BF4B-00C04F79EFBC}") = "Domain", "Domain\Domain.csproj", "{226A42DE-4F6D-413A-A6CC-75432D94AFF5}"
EndProject
Global
	GlobalSection(SolutionConfigurationPlatforms) = preSolution
		Debug|Any CPU = Debug|Any CPU
		Debug|ARM = Debug|ARM
		Debug|x64 = Debug|x64
		Debug|x86 = Debug|x86
		Release|Any CPU = Release|Any CPU
		Release|ARM = Release|ARM
		Release|x64 = Release|x64
		Release|x86 = Release|x86
	EndGlobalSection
	GlobalSection(ProjectConfigurationPlatforms) = postSolution
		{D36223C5-1FAC-40BE-BE93-C4305CD10B61}.Debug|Any CPU.ActiveCfg = Debug|Any CPU
		{D36223C5-1FAC-40BE-BE93-C4305CD10B61}.Debug|Any CPU.Build.0 = Debug|Any CPU
		{D36223C5-1FAC-40BE-BE93-C4305CD10B61}.Debug|ARM.ActiveCfg = Debug|Any CPU
		{D36223C5-1FAC-40BE-BE93-C4305CD10B61}.Debug|ARM.Build.0 = Debug|Any CPU
		{D36223C5-1FAC-40BE-BE93-C4305CD10B61}.Debug|x64.ActiveCfg = Debug|Any CPU
		{D36223C5-1FAC-40BE-BE93-C4305CD10B61}.Debug|x64.Build.0 = Debug|Any CPU
		{D36223C5-1FAC-40BE-BE93-C4305CD10B61}.Debug|x86.ActiveCfg = Debug|Any CPU
		{D36223C5-1FAC-40BE-BE93-C4305CD10B61}.Debug|x86.Build.0 = Debug|Any CPU
		{D36223C5-1FAC-40BE-BE93-C4305CD10B61}.Release|Any CPU.ActiveCfg = Release|Any CPU
		{D36223C5-1FAC-40BE-BE93-C4305CD10B61}.Release|Any CPU.Build.0 = Release|Any CPU
		{D36223C5-1FAC-40BE-BE93-C4305CD10B61}.Release|ARM.ActiveCfg = Release|Any CPU
		{D36223C5-1FAC-40BE-BE93-C4305CD10B61}.Release|ARM.Build.0 = Release|Any CPU
		{D36223C5-1FAC-40BE-BE93-C4305CD10B61}.Release|x64.ActiveCfg = Release|Any CPU
		{D36223C5-1FAC-40BE-BE93-C4305CD10B61}.Release|x64.Build.0 = Release|Any CPU
		{D36223C5-1FAC-40BE-BE93-C4305CD10B61}.Release|x86.ActiveCfg = Release|Any CPU
		{D36223C5-1FAC-40BE-BE93-C4305CD10B61}.Release|x86.Build.0 = Release|Any CPU
		{E770588E-DDC6-464E-AA55-F77BC1C327FE}.Debug|Any CPU.ActiveCfg = Debug|Any CPU
		{E770588E-DDC6-464E-AA55-F77BC1C327FE}.Debug|Any CPU.Build.0 = Debug|Any CPU
		{E770588E-DDC6-464E-AA55-F77BC1C327FE}.Debug|ARM.ActiveCfg = Debug|Any CPU
		{E770588E-DDC6-464E-AA55-F77BC1C327FE}.Debug|ARM.Build.0 = Debug|Any CPU
		{E770588E-DDC6-464E-AA55-F77BC1C327FE}.Debug|x64.ActiveCfg = Debug|Any CPU
		{E770588E-DDC6-464E-AA55-F77BC1C327FE}.Debug|x64.Build.0 = Debug|Any CPU
		{E770588E-DDC6-464E-AA55-F77BC1C327FE}.Debug|x86.ActiveCfg = Debug|Any CPU
		{E770588E-DDC6-464E-AA55-F77BC1C327FE}.Debug|x86.Build.0 = Debug|Any CPU
		{E770588E-DDC6-464E-AA55-F77BC1C327FE}.Release|Any CPU.ActiveCfg = Release|Any CPU
		{E770588E-DDC6-464E-AA55-F77BC1C327FE}.Release|Any CPU.Build.0 = Release|Any CPU
		{E770588E-DDC6-464E-AA55-F77BC1C327FE}.Release|ARM.ActiveCfg = Release|Any CPU
		{E770588E-DDC6-464E-AA55-F77BC1C327FE}.Release|ARM.Build.0 = Release|Any CPU
		{E770588E-DDC6-464E-AA55-F77BC1C327FE}.Release|x64.ActiveCfg = Release|Any CPU
		{E770588E-DDC6-464E-AA55-F77BC1C327FE}.Release|x64.Build.0 = Release|Any CPU
		{E770588E-DDC6-464E-AA55-F77BC1C327FE}.Release|x86.ActiveCfg = Release|Any CPU
		{E770588E-DDC6-464E-AA55-F77BC1C327FE}.Release|x86.Build.0 = Release|Any CPU
		{226A42DE-4F6D-413A-A6CC-75432D94AFF5}.Debug|Any CPU.ActiveCfg = Debug|Any CPU
		{226A42DE-4F6D-413A-A6CC-75432D94AFF5}.Debug|Any CPU.Build.0 = Debug|Any CPU
		{226A42DE-4F6D-413A-A6CC-75432D94AFF5}.Debug|ARM.ActiveCfg = Debug|Any CPU
		{226A42DE-4F6D-413A-A6CC-75432D94AFF5}.Debug|ARM.Build.0 = Debug|Any CPU
		{226A42DE-4F6D-413A-A6CC-75432D94AFF5}.Debug|x64.ActiveCfg = Debug|Any CPU
		{226A42DE-4F6D-413A-A6CC-75432D94AFF5}.Debug|x64.Build.0 = Debug|Any CPU
		{226A42DE-4F6D-413A-A6CC-75432D94AFF5}.Debug|x86.ActiveCfg = Debug|Any CPU
		{226A42DE-4F6D-413A-A6CC-75432D94AFF5}.Debug|x86.Build.0 = Debug|Any CPU
		{226A42DE-4F6D-413A-A6CC-75432D94AFF5}.Release|Any CPU.ActiveCfg = Release|Any CPU
		{226A42DE-4F6D-413A-A6CC-75432D94AFF5}.Release|Any CPU.Build.0 = Release|Any CPU
		{226A42DE-4F6D-413A-A6CC-75432D94AFF5}.Release|ARM.ActiveCfg = Release|Any CPU
		{226A42DE-4F6D-413A-A6CC-75432D94AFF5}.Release|ARM.Build.0 = Release|Any CPU
		{226A42DE-4F6D-413A-A6CC-75432D94AFF5}.Release|x64.ActiveCfg = Release|Any CPU
		{226A42DE-4F6D-413A-A6CC-75432D94AFF5}.Release|x64.Build.0 = Release|Any CPU
		{226A42DE-4F6D-413A-A6CC-75432D94AFF5}.Release|x86.ActiveCfg = Release|Any CPU
		{226A42DE-4F6D-413A-A6CC-75432D94AFF5}.Release|x86.Build.0 = Release|Any CPU
	EndGlobalSection
	GlobalSection(SolutionProperties) = preSolution
		HideSolutionNode = FALSE
	EndGlobalSection
	GlobalSection(ExtensibilityGlobals) = postSolution
		SolutionGuid = {CE23E966-7F9A-44E0-9FE1-82661E48514E}
	EndGlobalSection
EndGlobal
